// !$*UTF8*$!
{
	archiveVersion = 1;
	classes = {
	};
	objectVersion = 56;
	objects = {

/* Begin PBXBuildFile section */
		813D8DE92C23C1B4000FF5EF /* README.md in Resources */ = {isa = PBXBuildFile; fileRef = 813D8DE82C23C1B4000FF5EF /* README.md */; };
		81EBAFE42C22BE6900A925D1 /* AppDelegate.swift in Sources */ = {isa = PBXBuildFile; fileRef = 81EBAFE32C22BE6900A925D1 /* AppDelegate.swift */; };
		81EBAFE62C22BE6900A925D1 /* SceneDelegate.swift in Sources */ = {isa = PBXBuildFile; fileRef = 81EBAFE52C22BE6900A925D1 /* SceneDelegate.swift */; };
		81EBAFE82C22BE6900A925D1 /* ViewController.swift in Sources */ = {isa = PBXBuildFile; fileRef = 81EBAFE72C22BE6900A925D1 /* ViewController.swift */; };
		81EBAFEB2C22BE6900A925D1 /* Base in Resources */ = {isa = PBXBuildFile; fileRef = 81EBAFEA2C22BE6900A925D1 /* Base */; };
		81EBAFED2C22BE6B00A925D1 /* Assets.xcassets in Resources */ = {isa = PBXBuildFile; fileRef = 81EBAFEC2C22BE6B00A925D1 /* Assets.xcassets */; };
		81EBAFF02C22BE6B00A925D1 /* Base in Resources */ = {isa = PBXBuildFile; fileRef = 81EBAFEF2C22BE6B00A925D1 /* Base */; };
		81EBAFF92C22BEBA00A925D1 /* RswiftLibrary in Frameworks */ = {isa = PBXBuildFile; productRef = 81EBAFF82C22BEBA00A925D1 /* RswiftLibrary */; };
		81EBB0002C22C17F00A925D1 /* Localizable.strings in Resources */ = {isa = PBXBuildFile; fileRef = 81EBAFFE2C22C17F00A925D1 /* Localizable.strings */; };
		81EBB00B2C230EA600A925D1 /* Localize.swift in Sources */ = {isa = PBXBuildFile; fileRef = 81EBB00A2C230EA600A925D1 /* Localize.swift */; };
/* End PBXBuildFile section */

/* Begin PBXFileReference section */
		813D8DE62C2311A5000FF5EF /* README.md */ = {isa = PBXFileReference; lastKnownFileType = net.daringfireball.markdown; path = README.md; sourceTree = "<group>"; };
		813D8DE82C23C1B4000FF5EF /* README.md */ = {isa = PBXFileReference; fileEncoding = 4; lastKnownFileType = net.daringfireball.markdown; path = README.md; sourceTree = "<group>"; };
		81EBAFE02C22BE6900A925D1 /* LocaliztionDemo.app */ = {isa = PBXFileReference; explicitFileType = wrapper.application; includeInIndex = 0; path = LocaliztionDemo.app; sourceTree = BUILT_PRODUCTS_DIR; };
		81EBAFE32C22BE6900A925D1 /* AppDelegate.swift */ = {isa = PBXFileReference; lastKnownFileType = sourcecode.swift; path = AppDelegate.swift; sourceTree = "<group>"; };
		81EBAFE52C22BE6900A925D1 /* SceneDelegate.swift */ = {isa = PBXFileReference; lastKnownFileType = sourcecode.swift; path = SceneDelegate.swift; sourceTree = "<group>"; };
		81EBAFE72C22BE6900A925D1 /* ViewController.swift */ = {isa = PBXFileReference; lastKnownFileType = sourcecode.swift; path = ViewController.swift; sourceTree = "<group>"; };
		81EBAFEA2C22BE6900A925D1 /* Base */ = {isa = PBXFileReference; lastKnownFileType = file.storyboard; name = Base; path = Base.lproj/Main.storyboard; sourceTree = "<group>"; };
		81EBAFEC2C22BE6B00A925D1 /* Assets.xcassets */ = {isa = PBXFileReference; lastKnownFileType = folder.assetcatalog; path = Assets.xcassets; sourceTree = "<group>"; };
		81EBAFEF2C22BE6B00A925D1 /* Base */ = {isa = PBXFileReference; lastKnownFileType = file.storyboard; name = Base; path = Base.lproj/LaunchScreen.storyboard; sourceTree = "<group>"; };
		81EBAFF12C22BE6B00A925D1 /* Info.plist */ = {isa = PBXFileReference; lastKnownFileType = text.plist.xml; path = Info.plist; sourceTree = "<group>"; };
		81EBAFFF2C22C17F00A925D1 /* en */ = {isa = PBXFileReference; lastKnownFileType = text.plist.strings; name = en; path = en.lproj/Localizable.strings; sourceTree = "<group>"; };
		81EBB0012C22C1BF00A925D1 /* zh-Hans */ = {isa = PBXFileReference; lastKnownFileType = text.plist.strings; name = "zh-Hans"; path = "zh-Hans.lproj/Main.strings"; sourceTree = "<group>"; };
		81EBB0022C22C1BF00A925D1 /* zh-Hans */ = {isa = PBXFileReference; lastKnownFileType = text.plist.strings; name = "zh-Hans"; path = "zh-Hans.lproj/LaunchScreen.strings"; sourceTree = "<group>"; };
		81EBB0032C22C1BF00A925D1 /* zh-Hans */ = {isa = PBXFileReference; lastKnownFileType = text.plist.strings; name = "zh-Hans"; path = "zh-Hans.lproj/Localizable.strings"; sourceTree = "<group>"; };
		81EBB0072C2305B100A925D1 /* ru */ = {isa = PBXFileReference; lastKnownFileType = text.plist.strings; name = ru; path = ru.lproj/Main.strings; sourceTree = "<group>"; };
		81EBB0082C2305B100A925D1 /* ru */ = {isa = PBXFileReference; lastKnownFileType = text.plist.strings; name = ru; path = ru.lproj/LaunchScreen.strings; sourceTree = "<group>"; };
		81EBB0092C2305E800A925D1 /* ru */ = {isa = PBXFileReference; lastKnownFileType = text.plist.strings; name = ru; path = ru.lproj/Localizable.strings; sourceTree = "<group>"; };
		81EBB00A2C230EA600A925D1 /* Localize.swift */ = {isa = PBXFileReference; lastKnownFileType = sourcecode.swift; path = Localize.swift; sourceTree = "<group>"; };
/* End PBXFileReference section */

/* Begin PBXFrameworksBuildPhase section */
		81EBAFDD2C22BE6900A925D1 /* Frameworks */ = {
			isa = PBXFrameworksBuildPhase;
			buildActionMask = 2147483647;
			files = (
				81EBAFF92C22BEBA00A925D1 /* RswiftLibrary in Frameworks */,
			);
			runOnlyForDeploymentPostprocessing = 0;
		};
/* End PBXFrameworksBuildPhase section */

/* Begin PBXGroup section */
		81EBAFD72C22BE6900A925D1 = {
			isa = PBXGroup;
			children = (
				813D8DE82C23C1B4000FF5EF /* README.md */,
				81EBAFE22C22BE6900A925D1 /* LocaliztionDemo */,
				81EBAFE12C22BE6900A925D1 /* Products */,
			);
			sourceTree = "<group>";
		};
		81EBAFE12C22BE6900A925D1 /* Products */ = {
			isa = PBXGroup;
			children = (
				81EBAFE02C22BE6900A925D1 /* LocaliztionDemo.app */,
			);
			name = Products;
			sourceTree = "<group>";
		};
		81EBAFE22C22BE6900A925D1 /* LocaliztionDemo */ = {
			isa = PBXGroup;
			children = (
				81EBB0052C22E62900A925D1 /* Locolize */,
				81EBAFE32C22BE6900A925D1 /* AppDelegate.swift */,
				81EBAFE52C22BE6900A925D1 /* SceneDelegate.swift */,
				81EBAFE72C22BE6900A925D1 /* ViewController.swift */,
				81EBAFE92C22BE6900A925D1 /* Main.storyboard */,
				81EBAFEC2C22BE6B00A925D1 /* Assets.xcassets */,
				81EBAFEE2C22BE6B00A925D1 /* LaunchScreen.storyboard */,
				81EBAFF12C22BE6B00A925D1 /* Info.plist */,
			);
			path = LocaliztionDemo;
			sourceTree = "<group>";
		};
		81EBB0052C22E62900A925D1 /* Locolize */ = {
			isa = PBXGroup;
			children = (
				81EBAFFE2C22C17F00A925D1 /* Localizable.strings */,
				81EBB00A2C230EA600A925D1 /* Localize.swift */,
				813D8DE62C2311A5000FF5EF /* README.md */,
			);
			path = Locolize;
			sourceTree = "<group>";
		};
/* End PBXGroup section */

/* Begin PBXNativeTarget section */
		81EBAFDF2C22BE6900A925D1 /* LocaliztionDemo */ = {
			isa = PBXNativeTarget;
			buildConfigurationList = 81EBAFF42C22BE6B00A925D1 /* Build configuration list for PBXNativeTarget "LocaliztionDemo" */;
			buildPhases = (
				81EBAFDC2C22BE6900A925D1 /* Sources */,
				81EBAFDD2C22BE6900A925D1 /* Frameworks */,
				81EBAFDE2C22BE6900A925D1 /* Resources */,
			);
			buildRules = (
			);
			dependencies = (
				81EBAFFB2C22BF3300A925D1 /* PBXTargetDependency */,
			);
			name = LocaliztionDemo;
			packageProductDependencies = (
				81EBAFF82C22BEBA00A925D1 /* RswiftLibrary */,
			);
			productName = LocaliztionDemo;
			productReference = 81EBAFE02C22BE6900A925D1 /* LocaliztionDemo.app */;
			productType = "com.apple.product-type.application";
		};
/* End PBXNativeTarget section */

/* Begin PBXProject section */
		81EBAFD82C22BE6900A925D1 /* Project object */ = {
			isa = PBXProject;
			attributes = {
				BuildIndependentTargetsInParallel = 1;
				LastSwiftUpdateCheck = 1530;
				LastUpgradeCheck = 1530;
				TargetAttributes = {
					81EBAFDF2C22BE6900A925D1 = {
						CreatedOnToolsVersion = 15.3;
					};
				};
			};
			buildConfigurationList = 81EBAFDB2C22BE6900A925D1 /* Build configuration list for PBXProject "LocaliztionDemo" */;
			compatibilityVersion = "Xcode 14.0";
			developmentRegion = en;
			hasScannedForEncodings = 0;
			knownRegions = (
				en,
				Base,
				"zh-Hans",
				ru,
			);
			mainGroup = 81EBAFD72C22BE6900A925D1;
			packageReferences = (
				81EBAFF72C22BEBA00A925D1 /* XCRemoteSwiftPackageReference "R.swift" */,
			);
			productRefGroup = 81EBAFE12C22BE6900A925D1 /* Products */;
			projectDirPath = "";
			projectRoot = "";
			targets = (
				81EBAFDF2C22BE6900A925D1 /* LocaliztionDemo */,
			);
		};
/* End PBXProject section */

/* Begin PBXResourcesBuildPhase section */
		81EBAFDE2C22BE6900A925D1 /* Resources */ = {
			isa = PBXResourcesBuildPhase;
			buildActionMask = 2147483647;
			files = (
				81EBAFED2C22BE6B00A925D1 /* Assets.xcassets in Resources */,
				81EBB0002C22C17F00A925D1 /* Localizable.strings in Resources */,
				813D8DE92C23C1B4000FF5EF /* README.md in Resources */,
				81EBAFF02C22BE6B00A925D1 /* Base in Resources */,
				81EBAFEB2C22BE6900A925D1 /* Base in Resources */,
			);
			runOnlyForDeploymentPostprocessing = 0;
		};
/* End PBXResourcesBuildPhase section */

/* Begin PBXSourcesBuildPhase section */
		81EBAFDC2C22BE6900A925D1 /* Sources */ = {
			isa = PBXSourcesBuildPhase;
			buildActionMask = 2147483647;
			files = (
				81EBAFE82C22BE6900A925D1 /* ViewController.swift in Sources */,
				81EBAFE42C22BE6900A925D1 /* AppDelegate.swift in Sources */,
				81EBB00B2C230EA600A925D1 /* Localize.swift in Sources */,
				81EBAFE62C22BE6900A925D1 /* SceneDelegate.swift in Sources */,
			);
			runOnlyForDeploymentPostprocessing = 0;
		};
/* End PBXSourcesBuildPhase section */

/* Begin PBXTargetDependency section */
		81EBAFFB2C22BF3300A925D1 /* PBXTargetDependency */ = {
			isa = PBXTargetDependency;
			productRef = 81EBAFFA2C22BF3300A925D1 /* RswiftGenerateInternalResources */;
		};
/* End PBXTargetDependency section */

/* Begin PBXVariantGroup section */
		81EBAFE92C22BE6900A925D1 /* Main.storyboard */ = {
			isa = PBXVariantGroup;
			children = (
				81EBAFEA2C22BE6900A925D1 /* Base */,
				81EBB0012C22C1BF00A925D1 /* zh-Hans */,
				81EBB0072C2305B100A925D1 /* ru */,
			);
			name = Main.storyboard;
			sourceTree = "<group>";
		};
		81EBAFEE2C22BE6B00A925D1 /* LaunchScreen.storyboard */ = {
			isa = PBXVariantGroup;
			children = (
				81EBAFEF2C22BE6B00A925D1 /* Base */,
				81EBB0022C22C1BF00A925D1 /* zh-Hans */,
				81EBB0082C2305B100A925D1 /* ru */,
			);
			name = LaunchScreen.storyboard;
			sourceTree = "<group>";
		};
		81EBAFFE2C22C17F00A925D1 /* Localizable.strings */ = {
			isa = PBXVariantGroup;
			children = (
				81EBAFFF2C22C17F00A925D1 /* en */,
				81EBB0032C22C1BF00A925D1 /* zh-Hans */,
				81EBB0092C2305E800A925D1 /* ru */,
			);
			name = Localizable.strings;
			sourceTree = "<group>";
		};
/* End PBXVariantGroup section */

/* Begin XCBuildConfiguration section */
		81EBAFF22C22BE6B00A925D1 /* Debug */ = {
			isa = XCBuildConfiguration;
			buildSettings = {
				ALWAYS_SEARCH_USER_PATHS = NO;
				ASSETCATALOG_COMPILER_GENERATE_SWIFT_ASSET_SYMBOL_EXTENSIONS = YES;
				CLANG_ANALYZER_LOCALIZABILITY_NONLOCALIZED = YES;
				CLANG_ANALYZER_NONNULL = YES;
				CLANG_ANALYZER_NUMBER_OBJECT_CONVERSION = YES_AGGRESSIVE;
				CLANG_CXX_LANGUAGE_STANDARD = "gnu++20";
				CLANG_ENABLE_MODULES = YES;
				CLANG_ENABLE_OBJC_ARC = YES;
				CLANG_ENABLE_OBJC_WEAK = YES;
				CLANG_WARN_BLOCK_CAPTURE_AUTORELEASING = YES;
				CLANG_WARN_BOOL_CONVERSION = YES;
				CLANG_WARN_COMMA = YES;
				CLANG_WARN_CONSTANT_CONVERSION = YES;
				CLANG_WARN_DEPRECATED_OBJC_IMPLEMENTATIONS = YES;
				CLANG_WARN_DIRECT_OBJC_ISA_USAGE = YES_ERROR;
				CLANG_WARN_DOCUMENTATION_COMMENTS = YES;
				CLANG_WARN_EMPTY_BODY = YES;
				CLANG_WARN_ENUM_CONVERSION = YES;
				CLANG_WARN_INFINITE_RECURSION = YES;
				CLANG_WARN_INT_CONVERSION = YES;
				CLANG_WARN_NON_LITERAL_NULL_CONVERSION = YES;
				CLANG_WARN_OBJC_IMPLICIT_RETAIN_SELF = YES;
				CLANG_WARN_OBJC_LITERAL_CONVERSION = YES;
				CLANG_WARN_OBJC_ROOT_CLASS = YES_ERROR;
				CLANG_WARN_QUOTED_INCLUDE_IN_FRAMEWORK_HEADER = YES;
				CLANG_WARN_RANGE_LOOP_ANALYSIS = YES;
				CLANG_WARN_STRICT_PROTOTYPES = YES;
				CLANG_WARN_SUSPICIOUS_MOVE = YES;
				CLANG_WARN_UNGUARDED_AVAILABILITY = YES_AGGRESSIVE;
				CLANG_WARN_UNREACHABLE_CODE = YES;
				CLANG_WARN__DUPLICATE_METHOD_MATCH = YES;
				COPY_PHASE_STRIP = NO;
				DEBUG_INFORMATION_FORMAT = dwarf;
				ENABLE_STRICT_OBJC_MSGSEND = YES;
				ENABLE_TESTABILITY = YES;
				ENABLE_USER_SCRIPT_SANDBOXING = YES;
				GCC_C_LANGUAGE_STANDARD = gnu17;
				GCC_DYNAMIC_NO_PIC = NO;
				GCC_NO_COMMON_BLOCKS = YES;
				GCC_OPTIMIZATION_LEVEL = 0;
				GCC_PREPROCESSOR_DEFINITIONS = (
					"DEBUG=1",
					"$(inherited)",
				);
				GCC_WARN_64_TO_32_BIT_CONVERSION = YES;
				GCC_WARN_ABOUT_RETURN_TYPE = YES_ERROR;
				GCC_WARN_UNDECLARED_SELECTOR = YES;
				GCC_WARN_UNINITIALIZED_AUTOS = YES_AGGRESSIVE;
				GCC_WARN_UNUSED_FUNCTION = YES;
				GCC_WARN_UNUSED_VARIABLE = YES;
				IPHONEOS_DEPLOYMENT_TARGET = 17.4;
				LOCALIZATION_PREFERS_STRING_CATALOGS = YES;
				MTL_ENABLE_DEBUG_INFO = INCLUDE_SOURCE;
				MTL_FAST_MATH = YES;
				ONLY_ACTIVE_ARCH = YES;
				SDKROOT = iphoneos;
				SWIFT_ACTIVE_COMPILATION_CONDITIONS = "DEBUG $(inherited)";
				SWIFT_OPTIMIZATION_LEVEL = "-Onone";
			};
			name = Debug;
		};
		81EBAFF32C22BE6B00A925D1 /* Release */ = {
			isa = XCBuildConfiguration;
			buildSettings = {
				ALWAYS_SEARCH_USER_PATHS = NO;
				ASSETCATALOG_COMPILER_GENERATE_SWIFT_ASSET_SYMBOL_EXTENSIONS = YES;
				CLANG_ANALYZER_LOCALIZABILITY_NONLOCALIZED = YES;
				CLANG_ANALYZER_NONNULL = YES;
				CLANG_ANALYZER_NUMBER_OBJECT_CONVERSION = YES_AGGRESSIVE;
				CLANG_CXX_LANGUAGE_STANDARD = "gnu++20";
				CLANG_ENABLE_MODULES = YES;
				CLANG_ENABLE_OBJC_ARC = YES;
				CLANG_ENABLE_OBJC_WEAK = YES;
				CLANG_WARN_BLOCK_CAPTURE_AUTORELEASING = YES;
				CLANG_WARN_BOOL_CONVERSION = YES;
				CLANG_WARN_COMMA = YES;
				CLANG_WARN_CONSTANT_CONVERSION = YES;
				CLANG_WARN_DEPRECATED_OBJC_IMPLEMENTATIONS = YES;
				CLANG_WARN_DIRECT_OBJC_ISA_USAGE = YES_ERROR;
				CLANG_WARN_DOCUMENTATION_COMMENTS = YES;
				CLANG_WARN_EMPTY_BODY = YES;
				CLANG_WARN_ENUM_CONVERSION = YES;
				CLANG_WARN_INFINITE_RECURSION = YES;
				CLANG_WARN_INT_CONVERSION = YES;
				CLANG_WARN_NON_LITERAL_NULL_CONVERSION = YES;
				CLANG_WARN_OBJC_IMPLICIT_RETAIN_SELF = YES;
				CLANG_WARN_OBJC_LITERAL_CONVERSION = YES;
				CLANG_WARN_OBJC_ROOT_CLASS = YES_ERROR;
				CLANG_WARN_QUOTED_INCLUDE_IN_FRAMEWORK_HEADER = YES;
				CLANG_WARN_RANGE_LOOP_ANALYSIS = YES;
				CLANG_WARN_STRICT_PROTOTYPES = YES;
				CLANG_WARN_SUSPICIOUS_MOVE = YES;
				CLANG_WARN_UNGUARDED_AVAILABILITY = YES_AGGRESSIVE;
				CLANG_WARN_UNREACHABLE_CODE = YES;
				CLANG_WARN__DUPLICATE_METHOD_MATCH = YES;
				COPY_PHASE_STRIP = NO;
				DEBUG_INFORMATION_FORMAT = "dwarf-with-dsym";
				ENABLE_NS_ASSERTIONS = NO;
				ENABLE_STRICT_OBJC_MSGSEND = YES;
				ENABLE_USER_SCRIPT_SANDBOXING = YES;
				GCC_C_LANGUAGE_STANDARD = gnu17;
				GCC_NO_COMMON_BLOCKS = YES;
				GCC_WARN_64_TO_32_BIT_CONVERSION = YES;
				GCC_WARN_ABOUT_RETURN_TYPE = YES_ERROR;
				GCC_WARN_UNDECLARED_SELECTOR = YES;
				GCC_WARN_UNINITIALIZED_AUTOS = YES_AGGRESSIVE;
				GCC_WARN_UNUSED_FUNCTION = YES;
				GCC_WARN_UNUSED_VARIABLE = YES;
				IPHONEOS_DEPLOYMENT_TARGET = 17.4;
				LOCALIZATION_PREFERS_STRING_CATALOGS = YES;
				MTL_ENABLE_DEBUG_INFO = NO;
				MTL_FAST_MATH = YES;
				SDKROOT = iphoneos;
				SWIFT_COMPILATION_MODE = wholemodule;
				VALIDATE_PRODUCT = YES;
			};
			name = Release;
		};
		81EBAFF52C22BE6B00A925D1 /* Debug */ = {
			isa = XCBuildConfiguration;
			buildSettings = {
				ASSETCATALOG_COMPILER_APPICON_NAME = AppIcon;
				ASSETCATALOG_COMPILER_GLOBAL_ACCENT_COLOR_NAME = AccentColor;
				CODE_SIGN_STYLE = Automatic;
				CURRENT_PROJECT_VERSION = 1;
				DEVELOPMENT_TEAM = 84NY46NBXF;
				GENERATE_INFOPLIST_FILE = YES;
				INFOPLIST_FILE = LocaliztionDemo/Info.plist;
				INFOPLIST_KEY_UIApplicationSupportsIndirectInputEvents = YES;
				INFOPLIST_KEY_UILaunchStoryboardName = LaunchScreen;
				INFOPLIST_KEY_UIMainStoryboardFile = Main;
				INFOPLIST_KEY_UISupportedInterfaceOrientations_iPad = "UIInterfaceOrientationPortrait UIInterfaceOrientationPortraitUpsideDown UIInterfaceOrientationLandscapeLeft UIInterfaceOrientationLandscapeRight";
				INFOPLIST_KEY_UISupportedInterfaceOrientations_iPhone = "UIInterfaceOrientationPortrait UIInterfaceOrientationLandscapeLeft UIInterfaceOrientationLandscapeRight";
				LD_RUNPATH_SEARCH_PATHS = (
					"$(inherited)",
					"@executable_path/Frameworks",
				);
				MARKETING_VERSION = 1.0;
				PRODUCT_BUNDLE_IDENTIFIER = com.shafujiu.LocaliztionDemo;
				PRODUCT_NAME = "$(TARGET_NAME)";
				SWIFT_EMIT_LOC_STRINGS = YES;
				SWIFT_VERSION = 5.0;
				TARGETED_DEVICE_FAMILY = "1,2";
			};
			name = Debug;
		};
		81EBAFF62C22BE6B00A925D1 /* Release */ = {
			isa = XCBuildConfiguration;
			buildSettings = {
				ASSETCATALOG_COMPILER_APPICON_NAME = AppIcon;
				ASSETCATALOG_COMPILER_GLOBAL_ACCENT_COLOR_NAME = AccentColor;
				CODE_SIGN_STYLE = Automatic;
				CURRENT_PROJECT_VERSION = 1;
				DEVELOPMENT_TEAM = 84NY46NBXF;
				GENERATE_INFOPLIST_FILE = YES;
				INFOPLIST_FILE = LocaliztionDemo/Info.plist;
				INFOPLIST_KEY_UIApplicationSupportsIndirectInputEvents = YES;
				INFOPLIST_KEY_UILaunchStoryboardName = LaunchScreen;
				INFOPLIST_KEY_UIMainStoryboardFile = Main;
				INFOPLIST_KEY_UISupportedInterfaceOrientations_iPad = "UIInterfaceOrientationPortrait UIInterfaceOrientationPortraitUpsideDown UIInterfaceOrientationLandscapeLeft UIInterfaceOrientationLandscapeRight";
				INFOPLIST_KEY_UISupportedInterfaceOrientations_iPhone = "UIInterfaceOrientationPortrait UIInterfaceOrientationLandscapeLeft UIInterfaceOrientationLandscapeRight";
				LD_RUNPATH_SEARCH_PATHS = (
					"$(inherited)",
					"@executable_path/Frameworks",
				);
				MARKETING_VERSION = 1.0;
				PRODUCT_BUNDLE_IDENTIFIER = com.shafujiu.LocaliztionDemo;
				PRODUCT_NAME = "$(TARGET_NAME)";
				SWIFT_EMIT_LOC_STRINGS = YES;
				SWIFT_VERSION = 5.0;
				TARGETED_DEVICE_FAMILY = "1,2";
			};
			name = Release;
		};
/* End XCBuildConfiguration section */

/* Begin XCConfigurationList section */
		81EBAFDB2C22BE6900A925D1 /* Build configuration list for PBXProject "LocaliztionDemo" */ = {
			isa = XCConfigurationList;
			buildConfigurations = (
				81EBAFF22C22BE6B00A925D1 /* Debug */,
				81EBAFF32C22BE6B00A925D1 /* Release */,
			);
			defaultConfigurationIsVisible = 0;
			defaultConfigurationName = Release;
		};
		81EBAFF42C22BE6B00A925D1 /* Build configuration list for PBXNativeTarget "LocaliztionDemo" */ = {
			isa = XCConfigurationList;
			buildConfigurations = (
				81EBAFF52C22BE6B00A925D1 /* Debug */,
				81EBAFF62C22BE6B00A925D1 /* Release */,
			);
			defaultConfigurationIsVisible = 0;
			defaultConfigurationName = Release;
		};
/* End XCConfigurationList section */

/* Begin XCRemoteSwiftPackageReference section */
		81EBAFF72C22BEBA00A925D1 /* XCRemoteSwiftPackageReference "R.swift" */ = {
			isa = XCRemoteSwiftPackageReference;
			repositoryURL = "https://github.com/mac-cain13/R.swift.git";
			requirement = {
				kind = upToNextMajorVersion;
				minimumVersion = 7.5.0;
			};
		};
/* End XCRemoteSwiftPackageReference section */

/* Begin XCSwiftPackageProductDependency section */
		81EBAFF82C22BEBA00A925D1 /* RswiftLibrary */ = {
			isa = XCSwiftPackageProductDependency;
			package = 81EBAFF72C22BEBA00A925D1 /* XCRemoteSwiftPackageReference "R.swift" */;
			productName = RswiftLibrary;
		};
		81EBAFFA2C22BF3300A925D1 /* RswiftGenerateInternalResources */ = {
			isa = XCSwiftPackageProductDependency;
			package = 81EBAFF72C22BEBA00A925D1 /* XCRemoteSwiftPackageReference "R.swift" */;
			productName = "plugin:RswiftGenerateInternalResources";
		};
/* End XCSwiftPackageProductDependency section */
	};
	rootObject = 81EBAFD82C22BE6900A925D1 /* Project object */;
}
